
Microsoft Visual Studio Solution File, Format Version 12.00
# Visual Studio Version 16
VisualStudioVersion = 16.0.31424.327
MinimumVisualStudioVersion = 10.0.40219.1
Project("{FAE04EC0-301F-11D3-BF4B-00C04F79EFBC}") = "Barbarian_Quest_API", "Barbarian_Quest_API\Barbarian_Quest_API.csproj", "{05E8523B-2ED2-4F70-8882-9DB9816303C0}"
EndProject
Global
	GlobalSection(SolutionConfigurationPlatforms) = preSolution
		Debug|Any CPU = Debug|Any CPU
		Release|Any CPU = Release|Any CPU
	EndGlobalSection
	GlobalSection(ProjectConfigurationPlatforms) = postSolution
		{05E8523B-2ED2-4F70-8882-9DB9816303C0}.Debug|Any CPU.ActiveCfg = Debug|Any CPU
		{05E8523B-2ED2-4F70-8882-9DB9816303C0}.Debug|Any CPU.Build.0 = Debug|Any CPU
		{05E8523B-2ED2-4F70-8882-9DB9816303C0}.Release|Any CPU.ActiveCfg = Release|Any CPU
		{05E8523B-2ED2-4F70-8882-9DB9816303C0}.Release|Any CPU.Build.0 = Release|Any CPU
	EndGlobalSection
	GlobalSection(SolutionProperties) = preSolution
		HideSolutionNode = FALSE
	EndGlobalSection
	GlobalSection(ExtensibilityGlobals) = postSolution
		SolutionGuid = {23D54DC1-4D62-4DE5-A5B4-878A4392F11A}
	EndGlobalSection
EndGlobal
